
Microsoft Visual Studio Solution File, Format Version 12.00
# Visual Studio Version 17
VisualStudioVersion = 17.8.34309.116
MinimumVisualStudioVersion = 10.0.40219.1
Project("{2150E333-8FDC-42A3-9474-1A3956D46DE8}") = "src", "src", "{AB76FD58-7E5E-44D9-893E-853175E63576}"
EndProject
Project("{2150E333-8FDC-42A3-9474-1A3956D46DE8}") = "UIExtension", "UIExtension", "{E0C6FA89-E0E0-4DD3-B2B1-45C7EB740DBC}"
EndProject
Project("{9A19103F-16F7-4668-BE54-9A1E7A4F7556}") = "SharedComponents", "SharedComponents\SharedComponents.csproj", "{729A5636-A5AC-4186-A398-D0BF969DD003}"
EndProject
Project("{2150E333-8FDC-42A3-9474-1A3956D46DE8}") = "Modules", "Modules", "{5009CCE0-0706-4CAB-BE48-C9E76A2C12DE}"
EndProject
Project("{2150E333-8FDC-42A3-9474-1A3956D46DE8}") = "DeceasedPatientsRegistryModule", "DeceasedPatientsRegistryModule", "{44FEBEB3-EFE8-478B-924D-0414391B564E}"
EndProject
Project("{9A19103F-16F7-4668-BE54-9A1E7A4F7556}") = "DeceasedPatientsRegistry", "DeceasedPatientsRegistry\DeceasedPatientsRegistry.csproj", "{ED3E6A86-3858-42E3-844D-6C563C531268}"
EndProject
Project("{9A19103F-16F7-4668-BE54-9A1E7A4F7556}") = "DeceasedPatientsRegistry.Domain", "DeceasedPatientsRegistry.Domain\DeceasedPatientsRegistry.Domain.csproj", "{8C92D91D-94E1-4148-BC66-BF4DD7E2CFFA}"
EndProject
Project("{2150E333-8FDC-42A3-9474-1A3956D46DE8}") = "Interfaces", "Interfaces", "{2C5FF16C-204F-4C9B-9BA6-F431276F7F10}"
EndProject
Project("{9A19103F-16F7-4668-BE54-9A1E7A4F7556}") = "SharedInterfaces", "SharedInterfaces\SharedInterfaces.csproj", "{3A80C199-5862-484A-BC3D-254063C12B57}"
EndProject
Project("{2150E333-8FDC-42A3-9474-1A3956D46DE8}") = "MedicalEconomicExaminationModule", "MedicalEconomicExaminationModule", "{49618211-5C25-4688-92E7-29E01C34B5F5}"
EndProject
Project("{9A19103F-16F7-4668-BE54-9A1E7A4F7556}") = "MedicalEconomicExamination", "MedicalEconomicExamination\MedicalEconomicExamination.csproj", "{A0A9558A-30A4-4338-A264-431527299A04}"
EndProject
Project("{9A19103F-16F7-4668-BE54-9A1E7A4F7556}") = "MedicalEconomicExamination.Domain", "MedicalEconomicExamination.Domain\MedicalEconomicExamination.Domain.csproj", "{BC63E7F0-7010-4457-A6DA-1B555AB33811}"
EndProject
Project("{2150E333-8FDC-42A3-9474-1A3956D46DE8}") = "PatientsScanManagementModule", "PatientsScanManagementModule", "{E1B68D53-2E2B-4F46-8AE3-0D9ED057F62A}"
EndProject
Project("{9A19103F-16F7-4668-BE54-9A1E7A4F7556}") = "PatientsScanManagement", "PatientsScanManagement\PatientsScanManagement.csproj", "{3A29F11E-C1FD-42A5-AD77-593D2490FDCF}"
EndProject
Project("{9A19103F-16F7-4668-BE54-9A1E7A4F7556}") = "PatientsScanManagement.Domain", "PatientsScanManagement.Domain\PatientsScanManagement.Domain.csproj", "{3C89A1B6-D0D0-4433-B8EC-F8919A19EDE6}"
EndProject
Project("{2150E333-8FDC-42A3-9474-1A3956D46DE8}") = "Extensions", "Extensions", "{B8160694-E6BA-44CB-B0EA-BFEDF86B782A}"
EndProject
Project("{2150E333-8FDC-42A3-9474-1A3956D46DE8}") = "Enums", "Enums", "{216C966C-0806-4323-A664-88201846159F}"
EndProject
Project("{2150E333-8FDC-42A3-9474-1A3956D46DE8}") = "SharedLibraries", "SharedLibraries", "{D750CBA9-B5C5-4713-B12F-588EC47EC97D}"
EndProject
Project("{9A19103F-16F7-4668-BE54-9A1E7A4F7556}") = "PackageManagement", "PackageManagement\PackageManagement.csproj", "{3B30324B-F3BA-4870-949E-C95A387A5357}"
EndProject
Project("{9A19103F-16F7-4668-BE54-9A1E7A4F7556}") = "EnumsLibrary", "EnumsLibrary\EnumsLibrary.csproj", "{A74DBB49-3EE5-4C5E-B4CA-86C256A2B9B3}"
EndProject
Project("{9A19103F-16F7-4668-BE54-9A1E7A4F7556}") = "SignalRHubLibrary", "SignalRHubClient\SignalRHubLibrary.csproj", "{7BEE002B-BB4B-4F83-B2AE-05E139CFE3CF}"
EndProject
Project("{9A19103F-16F7-4668-BE54-9A1E7A4F7556}") = "SharedExtensions", "SharedExtensions\SharedExtensions.csproj", "{0BD15BE1-901F-44C5-90D5-1975A2DB36B5}"
EndProject
Project("{9A19103F-16F7-4668-BE54-9A1E7A4F7556}") = "ForceRenderComponentLibrary", "ForceRenderComponentLibrary\ForceRenderComponentLibrary.csproj", "{0A0A712A-E422-4C15-BBF6-B0195652182F}"
EndProject
Project("{9A19103F-16F7-4668-BE54-9A1E7A4F7556}") = "LDAPAuth", "BlazorLDAPAuth\LDAPAuth.csproj", "{F58613A1-6FE5-41C1-8E3E-C3A9D974F75B}"
EndProject
Project("{9A19103F-16F7-4668-BE54-9A1E7A4F7556}") = "CustomAuthentication", "CustomAuthentication\CustomAuthentication.csproj", "{B7099F72-51F4-4D26-966A-AB842057A5E3}"
EndProject
Project("{9A19103F-16F7-4668-BE54-9A1E7A4F7556}") = "AuthRazorLibrary", "AuthRazorLibrary\AuthRazorLibrary.csproj", "{0F016C40-6FC0-444A-8C57-89E7C1A18A58}"
EndProject
Global
	GlobalSection(SolutionConfigurationPlatforms) = preSolution
		Debug|Any CPU = Debug|Any CPU
		Release|Any CPU = Release|Any CPU
	EndGlobalSection
	GlobalSection(ProjectConfigurationPlatforms) = postSolution
		{729A5636-A5AC-4186-A398-D0BF969DD003}.Debug|Any CPU.ActiveCfg = Debug|Any CPU
		{729A5636-A5AC-4186-A398-D0BF969DD003}.Debug|Any CPU.Build.0 = Debug|Any CPU
		{729A5636-A5AC-4186-A398-D0BF969DD003}.Release|Any CPU.ActiveCfg = Release|Any CPU
		{729A5636-A5AC-4186-A398-D0BF969DD003}.Release|Any CPU.Build.0 = Release|Any CPU
		{ED3E6A86-3858-42E3-844D-6C563C531268}.Debug|Any CPU.ActiveCfg = Debug|Any CPU
		{ED3E6A86-3858-42E3-844D-6C563C531268}.Debug|Any CPU.Build.0 = Debug|Any CPU
		{ED3E6A86-3858-42E3-844D-6C563C531268}.Release|Any CPU.ActiveCfg = Release|Any CPU
		{ED3E6A86-3858-42E3-844D-6C563C531268}.Release|Any CPU.Build.0 = Release|Any CPU
		{8C92D91D-94E1-4148-BC66-BF4DD7E2CFFA}.Debug|Any CPU.ActiveCfg = Debug|Any CPU
		{8C92D91D-94E1-4148-BC66-BF4DD7E2CFFA}.Debug|Any CPU.Build.0 = Debug|Any CPU
		{8C92D91D-94E1-4148-BC66-BF4DD7E2CFFA}.Release|Any CPU.ActiveCfg = Release|Any CPU
		{8C92D91D-94E1-4148-BC66-BF4DD7E2CFFA}.Release|Any CPU.Build.0 = Release|Any CPU
		{3A80C199-5862-484A-BC3D-254063C12B57}.Debug|Any CPU.ActiveCfg = Debug|Any CPU
		{3A80C199-5862-484A-BC3D-254063C12B57}.Debug|Any CPU.Build.0 = Debug|Any CPU
		{3A80C199-5862-484A-BC3D-254063C12B57}.Release|Any CPU.ActiveCfg = Release|Any CPU
		{3A80C199-5862-484A-BC3D-254063C12B57}.Release|Any CPU.Build.0 = Release|Any CPU
		{A0A9558A-30A4-4338-A264-431527299A04}.Debug|Any CPU.ActiveCfg = Debug|Any CPU
		{A0A9558A-30A4-4338-A264-431527299A04}.Debug|Any CPU.Build.0 = Debug|Any CPU
		{A0A9558A-30A4-4338-A264-431527299A04}.Release|Any CPU.ActiveCfg = Release|Any CPU
		{A0A9558A-30A4-4338-A264-431527299A04}.Release|Any CPU.Build.0 = Release|Any CPU
		{BC63E7F0-7010-4457-A6DA-1B555AB33811}.Debug|Any CPU.ActiveCfg = Debug|Any CPU
		{BC63E7F0-7010-4457-A6DA-1B555AB33811}.Debug|Any CPU.Build.0 = Debug|Any CPU
		{BC63E7F0-7010-4457-A6DA-1B555AB33811}.Release|Any CPU.ActiveCfg = Release|Any CPU
		{BC63E7F0-7010-4457-A6DA-1B555AB33811}.Release|Any CPU.Build.0 = Release|Any CPU
		{3A29F11E-C1FD-42A5-AD77-593D2490FDCF}.Debug|Any CPU.ActiveCfg = Debug|Any CPU
		{3A29F11E-C1FD-42A5-AD77-593D2490FDCF}.Debug|Any CPU.Build.0 = Debug|Any CPU
		{3A29F11E-C1FD-42A5-AD77-593D2490FDCF}.Release|Any CPU.ActiveCfg = Release|Any CPU
		{3A29F11E-C1FD-42A5-AD77-593D2490FDCF}.Release|Any CPU.Build.0 = Release|Any CPU
		{3C89A1B6-D0D0-4433-B8EC-F8919A19EDE6}.Debug|Any CPU.ActiveCfg = Debug|Any CPU
		{3C89A1B6-D0D0-4433-B8EC-F8919A19EDE6}.Debug|Any CPU.Build.0 = Debug|Any CPU
		{3C89A1B6-D0D0-4433-B8EC-F8919A19EDE6}.Release|Any CPU.ActiveCfg = Release|Any CPU
		{3C89A1B6-D0D0-4433-B8EC-F8919A19EDE6}.Release|Any CPU.Build.0 = Release|Any CPU
		{3B30324B-F3BA-4870-949E-C95A387A5357}.Debug|Any CPU.ActiveCfg = Debug|Any CPU
		{3B30324B-F3BA-4870-949E-C95A387A5357}.Debug|Any CPU.Build.0 = Debug|Any CPU
		{3B30324B-F3BA-4870-949E-C95A387A5357}.Release|Any CPU.ActiveCfg = Release|Any CPU
		{3B30324B-F3BA-4870-949E-C95A387A5357}.Release|Any CPU.Build.0 = Release|Any CPU
		{A74DBB49-3EE5-4C5E-B4CA-86C256A2B9B3}.Debug|Any CPU.ActiveCfg = Debug|Any CPU
		{A74DBB49-3EE5-4C5E-B4CA-86C256A2B9B3}.Debug|Any CPU.Build.0 = Debug|Any CPU
		{A74DBB49-3EE5-4C5E-B4CA-86C256A2B9B3}.Release|Any CPU.ActiveCfg = Release|Any CPU
		{A74DBB49-3EE5-4C5E-B4CA-86C256A2B9B3}.Release|Any CPU.Build.0 = Release|Any CPU
		{7BEE002B-BB4B-4F83-B2AE-05E139CFE3CF}.Debug|Any CPU.ActiveCfg = Debug|Any CPU
		{7BEE002B-BB4B-4F83-B2AE-05E139CFE3CF}.Debug|Any CPU.Build.0 = Debug|Any CPU
		{7BEE002B-BB4B-4F83-B2AE-05E139CFE3CF}.Release|Any CPU.ActiveCfg = Release|Any CPU
		{7BEE002B-BB4B-4F83-B2AE-05E139CFE3CF}.Release|Any CPU.Build.0 = Release|Any CPU
		{0BD15BE1-901F-44C5-90D5-1975A2DB36B5}.Debug|Any CPU.ActiveCfg = Debug|Any CPU
		{0BD15BE1-901F-44C5-90D5-1975A2DB36B5}.Debug|Any CPU.Build.0 = Debug|Any CPU
		{0BD15BE1-901F-44C5-90D5-1975A2DB36B5}.Release|Any CPU.ActiveCfg = Release|Any CPU
		{0BD15BE1-901F-44C5-90D5-1975A2DB36B5}.Release|Any CPU.Build.0 = Release|Any CPU
		{0A0A712A-E422-4C15-BBF6-B0195652182F}.Debug|Any CPU.ActiveCfg = Debug|Any CPU
		{0A0A712A-E422-4C15-BBF6-B0195652182F}.Debug|Any CPU.Build.0 = Debug|Any CPU
		{0A0A712A-E422-4C15-BBF6-B0195652182F}.Release|Any CPU.ActiveCfg = Release|Any CPU
		{0A0A712A-E422-4C15-BBF6-B0195652182F}.Release|Any CPU.Build.0 = Release|Any CPU
		{F58613A1-6FE5-41C1-8E3E-C3A9D974F75B}.Debug|Any CPU.ActiveCfg = Debug|Any CPU
		{F58613A1-6FE5-41C1-8E3E-C3A9D974F75B}.Debug|Any CPU.Build.0 = Debug|Any CPU
		{F58613A1-6FE5-41C1-8E3E-C3A9D974F75B}.Release|Any CPU.ActiveCfg = Release|Any CPU
		{F58613A1-6FE5-41C1-8E3E-C3A9D974F75B}.Release|Any CPU.Build.0 = Release|Any CPU
		{B7099F72-51F4-4D26-966A-AB842057A5E3}.Debug|Any CPU.ActiveCfg = Debug|Any CPU
		{B7099F72-51F4-4D26-966A-AB842057A5E3}.Debug|Any CPU.Build.0 = Debug|Any CPU
		{B7099F72-51F4-4D26-966A-AB842057A5E3}.Release|Any CPU.ActiveCfg = Release|Any CPU
		{B7099F72-51F4-4D26-966A-AB842057A5E3}.Release|Any CPU.Build.0 = Release|Any CPU
		{0F016C40-6FC0-444A-8C57-89E7C1A18A58}.Debug|Any CPU.ActiveCfg = Debug|Any CPU
		{0F016C40-6FC0-444A-8C57-89E7C1A18A58}.Debug|Any CPU.Build.0 = Debug|Any CPU
		{0F016C40-6FC0-444A-8C57-89E7C1A18A58}.Release|Any CPU.ActiveCfg = Release|Any CPU
		{0F016C40-6FC0-444A-8C57-89E7C1A18A58}.Release|Any CPU.Build.0 = Release|Any CPU
	EndGlobalSection
	GlobalSection(SolutionProperties) = preSolution
		HideSolutionNode = FALSE
	EndGlobalSection
	GlobalSection(NestedProjects) = preSolution
		{E0C6FA89-E0E0-4DD3-B2B1-45C7EB740DBC} = {AB76FD58-7E5E-44D9-893E-853175E63576}
		{729A5636-A5AC-4186-A398-D0BF969DD003} = {E0C6FA89-E0E0-4DD3-B2B1-45C7EB740DBC}
		{5009CCE0-0706-4CAB-BE48-C9E76A2C12DE} = {AB76FD58-7E5E-44D9-893E-853175E63576}
		{44FEBEB3-EFE8-478B-924D-0414391B564E} = {5009CCE0-0706-4CAB-BE48-C9E76A2C12DE}
		{ED3E6A86-3858-42E3-844D-6C563C531268} = {44FEBEB3-EFE8-478B-924D-0414391B564E}
		{8C92D91D-94E1-4148-BC66-BF4DD7E2CFFA} = {44FEBEB3-EFE8-478B-924D-0414391B564E}
		{2C5FF16C-204F-4C9B-9BA6-F431276F7F10} = {AB76FD58-7E5E-44D9-893E-853175E63576}
		{3A80C199-5862-484A-BC3D-254063C12B57} = {2C5FF16C-204F-4C9B-9BA6-F431276F7F10}
		{49618211-5C25-4688-92E7-29E01C34B5F5} = {5009CCE0-0706-4CAB-BE48-C9E76A2C12DE}
		{A0A9558A-30A4-4338-A264-431527299A04} = {49618211-5C25-4688-92E7-29E01C34B5F5}
		{BC63E7F0-7010-4457-A6DA-1B555AB33811} = {49618211-5C25-4688-92E7-29E01C34B5F5}
		{E1B68D53-2E2B-4F46-8AE3-0D9ED057F62A} = {5009CCE0-0706-4CAB-BE48-C9E76A2C12DE}
		{3A29F11E-C1FD-42A5-AD77-593D2490FDCF} = {E1B68D53-2E2B-4F46-8AE3-0D9ED057F62A}
		{3C89A1B6-D0D0-4433-B8EC-F8919A19EDE6} = {E1B68D53-2E2B-4F46-8AE3-0D9ED057F62A}
		{B8160694-E6BA-44CB-B0EA-BFEDF86B782A} = {AB76FD58-7E5E-44D9-893E-853175E63576}
		{216C966C-0806-4323-A664-88201846159F} = {AB76FD58-7E5E-44D9-893E-853175E63576}
		{D750CBA9-B5C5-4713-B12F-588EC47EC97D} = {AB76FD58-7E5E-44D9-893E-853175E63576}
		{3B30324B-F3BA-4870-949E-C95A387A5357} = {D750CBA9-B5C5-4713-B12F-588EC47EC97D}
		{A74DBB49-3EE5-4C5E-B4CA-86C256A2B9B3} = {216C966C-0806-4323-A664-88201846159F}
		{7BEE002B-BB4B-4F83-B2AE-05E139CFE3CF} = {D750CBA9-B5C5-4713-B12F-588EC47EC97D}
		{0BD15BE1-901F-44C5-90D5-1975A2DB36B5} = {B8160694-E6BA-44CB-B0EA-BFEDF86B782A}
		{0A0A712A-E422-4C15-BBF6-B0195652182F} = {D750CBA9-B5C5-4713-B12F-588EC47EC97D}
		{F58613A1-6FE5-41C1-8E3E-C3A9D974F75B} = {D750CBA9-B5C5-4713-B12F-588EC47EC97D}
		{B7099F72-51F4-4D26-966A-AB842057A5E3} = {D750CBA9-B5C5-4713-B12F-588EC47EC97D}
		{0F016C40-6FC0-444A-8C57-89E7C1A18A58} = {E0C6FA89-E0E0-4DD3-B2B1-45C7EB740DBC}
	EndGlobalSection
	GlobalSection(ExtensibilityGlobals) = postSolution
		SolutionGuid = {E3EC4327-F221-41C7-A019-49F90134FF0F}
	EndGlobalSection
EndGlobal
